Microsoft Visual Studio Solution File, Format Version 12.00
# Visual Studio 2013
VisualStudioVersion = 12.0.21005.1
MinimumVisualStudioVersion = 10.0.40219.1
Project("{FAE04EC0-301F-11D3-BF4B-00C04F79EFBC}") = "DVFileManager", "DVFileManager\DVFileManager.csproj", "{A912EA13-AED8-44FC-86A9-BF69B42A3289}"
EndProject
Project("{FAE04EC0-301F-11D3-BF4B-00C04F79EFBC}") = "DiskViewPlus", "DiskViewPlus\DiskViewPlus.csproj", "{C86B039E-AB28-4D10-B6BC-A06D03B6AD02}"
EndProject
Project("{FAE04EC0-301F-11D3-BF4B-00C04F79EFBC}") = "DumpTypesAndFiles", "DumpTypesAndFiles\DumpTypesAndFiles.csproj", "{D14A067B-AA1B-4A54-B3CB-A92012384DCB}"
EndProject
Project("{2150E333-8FDC-42A3-9474-1A3956D46DE8}") = "blog", "blog", "{FC7A6629-25E1-4182-925E-2BA3EA9B524D}"
	ProjectSection(SolutionItems) = preProject
		blog\DiskView.html = blog\DiskView.html
		blog\screen01.png = blog\screen01.png
		blog\screen02.png = blog\screen02.png
		blog\screen03.png = blog\screen03.png
		blog\screen04.png = blog\screen04.png
		blog\screen05.png = blog\screen05.png
		blog\screen06.png = blog\screen06.png
		blog\screen07.png = blog\screen07.png
		blog\screen08.png = blog\screen08.png
		blog\screen09.png = blog\screen09.png
	EndProjectSection
EndProject
Global
	GlobalSection(SolutionConfigurationPlatforms) = preSolution
		Debug|Any CPU = Debug|Any CPU
		Release|Any CPU = Release|Any CPU
	EndGlobalSection
	GlobalSection(ProjectConfigurationPlatforms) = postSolution
		{A912EA13-AED8-44FC-86A9-BF69B42A3289}.Debug|Any CPU.ActiveCfg = Debug|Any CPU
		{A912EA13-AED8-44FC-86A9-BF69B42A3289}.Debug|Any CPU.Build.0 = Debug|Any CPU
		{A912EA13-AED8-44FC-86A9-BF69B42A3289}.Release|Any CPU.ActiveCfg = Release|Any CPU
		{A912EA13-AED8-44FC-86A9-BF69B42A3289}.Release|Any CPU.Build.0 = Release|Any CPU
		{C86B039E-AB28-4D10-B6BC-A06D03B6AD02}.Debug|Any CPU.ActiveCfg = Debug|Any CPU
		{C86B039E-AB28-4D10-B6BC-A06D03B6AD02}.Debug|Any CPU.Build.0 = Debug|Any CPU
		{C86B039E-AB28-4D10-B6BC-A06D03B6AD02}.Release|Any CPU.ActiveCfg = Release|Any CPU
		{C86B039E-AB28-4D10-B6BC-A06D03B6AD02}.Release|Any CPU.Build.0 = Release|Any CPU
		{D14A067B-AA1B-4A54-B3CB-A92012384DCB}.Debug|Any CPU.ActiveCfg = Debug|Any CPU
		{D14A067B-AA1B-4A54-B3CB-A92012384DCB}.Debug|Any CPU.Build.0 = Debug|Any CPU
		{D14A067B-AA1B-4A54-B3CB-A92012384DCB}.Release|Any CPU.ActiveCfg = Release|Any CPU
		{D14A067B-AA1B-4A54-B3CB-A92012384DCB}.Release|Any CPU.Build.0 = Release|Any CPU
	EndGlobalSection
	GlobalSection(SolutionProperties) = preSolution
		HideSolutionNode = FALSE
	EndGlobalSection
EndGlobal
